
Microsoft Visual Studio Solution File, Format Version 12.00
# Visual Studio Version 17
VisualStudioVersion = 17.11.35219.272
MinimumVisualStudioVersion = 10.0.40219.1
Project("{9A19103F-16F7-4668-BE54-9A1E7A4F7556}") = "AccesosDatos", "AccesosDatos\AccesosDatos.csproj", "{DC3F90BF-4769-456A-8492-558F487E42CF}"
EndProject
Project("{9A19103F-16F7-4668-BE54-9A1E7A4F7556}") = "WebApi", "WebApi\WebApi.csproj", "{D877B7B6-6AFD-4BE3-A105-023CE66661D9}"
EndProject
Project("{FAE04EC0-301F-11D3-BF4B-00C04F79EFBC}") = "Testing", "Testing\Testing.csproj", "{80BCE2CC-11F2-44BB-A64A-56D6D4DA1DD1}"
EndProject
Global
	GlobalSection(SolutionConfigurationPlatforms) = preSolution
		Debug|Any CPU = Debug|Any CPU
		Release|Any CPU = Release|Any CPU
	EndGlobalSection
	GlobalSection(ProjectConfigurationPlatforms) = postSolution
		{DC3F90BF-4769-456A-8492-558F487E42CF}.Debug|Any CPU.ActiveCfg = Debug|Any CPU
		{DC3F90BF-4769-456A-8492-558F487E42CF}.Debug|Any CPU.Build.0 = Debug|Any CPU
		{DC3F90BF-4769-456A-8492-558F487E42CF}.Release|Any CPU.ActiveCfg = Release|Any CPU
		{DC3F90BF-4769-456A-8492-558F487E42CF}.Release|Any CPU.Build.0 = Release|Any CPU
		{D877B7B6-6AFD-4BE3-A105-023CE66661D9}.Debug|Any CPU.ActiveCfg = Debug|Any CPU
		{D877B7B6-6AFD-4BE3-A105-023CE66661D9}.Debug|Any CPU.Build.0 = Debug|Any CPU
		{D877B7B6-6AFD-4BE3-A105-023CE66661D9}.Release|Any CPU.ActiveCfg = Release|Any CPU
		{D877B7B6-6AFD-4BE3-A105-023CE66661D9}.Release|Any CPU.Build.0 = Release|Any CPU
		{80BCE2CC-11F2-44BB-A64A-56D6D4DA1DD1}.Debug|Any CPU.ActiveCfg = Debug|Any CPU
		{80BCE2CC-11F2-44BB-A64A-56D6D4DA1DD1}.Debug|Any CPU.Build.0 = Debug|Any CPU
		{80BCE2CC-11F2-44BB-A64A-56D6D4DA1DD1}.Release|Any CPU.ActiveCfg = Release|Any CPU
		{80BCE2CC-11F2-44BB-A64A-56D6D4DA1DD1}.Release|Any CPU.Build.0 = Release|Any CPU
	EndGlobalSection
	GlobalSection(SolutionProperties) = preSolution
		HideSolutionNode = FALSE
	EndGlobalSection
	GlobalSection(ExtensibilityGlobals) = postSolution
		SolutionGuid = {9B77454C-F9B9-444D-A992-529319187E2B}
	EndGlobalSection
EndGlobal
