
Microsoft Visual Studio Solution File, Format Version 12.00
# Visual Studio Version 17
VisualStudioVersion = 17.11.35219.272
MinimumVisualStudioVersion = 10.0.40219.1
Project("{FAE04EC0-301F-11D3-BF4B-00C04F79EFBC}") = "AccesosDatos", "AccesosDatos\AccesosDatos.csproj", "{DC3F90BF-4769-456A-8492-558F487E42CF}"
EndProject
Project("{FAE04EC0-301F-11D3-BF4B-00C04F79EFBC}") = "ConsoleApp", "ConsoleApp\ConsoleApp.csproj", "{493C7D7F-45F8-491D-96DE-775F1A52C580}"
EndProject
Global
	GlobalSection(SolutionConfigurationPlatforms) = preSolution
		Debug|Any CPU = Debug|Any CPU
		Release|Any CPU = Release|Any CPU
	EndGlobalSection
	GlobalSection(ProjectConfigurationPlatforms) = postSolution
		{DC3F90BF-4769-456A-8492-558F487E42CF}.Debug|Any CPU.ActiveCfg = Debug|Any CPU
		{DC3F90BF-4769-456A-8492-558F487E42CF}.Debug|Any CPU.Build.0 = Debug|Any CPU
		{DC3F90BF-4769-456A-8492-558F487E42CF}.Release|Any CPU.ActiveCfg = Release|Any CPU
		{DC3F90BF-4769-456A-8492-558F487E42CF}.Release|Any CPU.Build.0 = Release|Any CPU
		{493C7D7F-45F8-491D-96DE-775F1A52C580}.Debug|Any CPU.ActiveCfg = Debug|Any CPU
		{493C7D7F-45F8-491D-96DE-775F1A52C580}.Debug|Any CPU.Build.0 = Debug|Any CPU
		{493C7D7F-45F8-491D-96DE-775F1A52C580}.Release|Any CPU.ActiveCfg = Release|Any CPU
		{493C7D7F-45F8-491D-96DE-775F1A52C580}.Release|Any CPU.Build.0 = Release|Any CPU
	EndGlobalSection
	GlobalSection(SolutionProperties) = preSolution
		HideSolutionNode = FALSE
	EndGlobalSection
	GlobalSection(ExtensibilityGlobals) = postSolution
		SolutionGuid = {9B77454C-F9B9-444D-A992-529319187E2B}
	EndGlobalSection
EndGlobal
